
Microsoft Visual Studio Solution File, Format Version 12.00
# Visual Studio Version 17
VisualStudioVersion = 17.6.33815.320
MinimumVisualStudioVersion = 10.0.40219.1
Project("{FAE04EC0-301F-11D3-BF4B-00C04F79EFBC}") = "ecommerce_api", "ecommerce_api.csproj", "{743EAF21-D85A-40BC-9045-44E0B9ACD03C}"
EndProject
Global
	GlobalSection(SolutionConfigurationPlatforms) = preSolution
		Debug|Any CPU = Debug|Any CPU
		Release|Any CPU = Release|Any CPU
	EndGlobalSection
	GlobalSection(ProjectConfigurationPlatforms) = postSolution
		{743EAF21-D85A-40BC-9045-44E0B9ACD03C}.Debug|Any CPU.ActiveCfg = Debug|Any CPU
		{743EAF21-D85A-40BC-9045-44E0B9ACD03C}.Debug|Any CPU.Build.0 = Debug|Any CPU
		{743EAF21-D85A-40BC-9045-44E0B9ACD03C}.Release|Any CPU.ActiveCfg = Release|Any CPU
		{743EAF21-D85A-40BC-9045-44E0B9ACD03C}.Release|Any CPU.Build.0 = Release|Any CPU
	EndGlobalSection
	GlobalSection(SolutionProperties) = preSolution
		HideSolutionNode = FALSE
	EndGlobalSection
	GlobalSection(ExtensibilityGlobals) = postSolution
		SolutionGuid = {0AFAB67B-3A15-43C8-B174-36433B97CCF3}
	EndGlobalSection
EndGlobal
